
Microsoft Visual Studio Solution File, Format Version 12.00
# Visual Studio Version 16
VisualStudioVersion = 16.0.29926.136
MinimumVisualStudioVersion = 10.0.40219.1
Project("{FAE04EC0-301F-11D3-BF4B-00C04F79EFBC}") = "ResolutionMethod", "ResolutionMethod\ResolutionMethod.csproj", "{6BA70AD1-1676-4AAD-BCD5-97AD2C1B4653}"
EndProject
Global
	GlobalSection(SolutionConfigurationPlatforms) = preSolution
		Debug|Any CPU = Debug|Any CPU
		Release|Any CPU = Release|Any CPU
	EndGlobalSection
	GlobalSection(ProjectConfigurationPlatforms) = postSolution
		{6BA70AD1-1676-4AAD-BCD5-97AD2C1B4653}.Debug|Any CPU.ActiveCfg = Debug|Any CPU
		{6BA70AD1-1676-4AAD-BCD5-97AD2C1B4653}.Debug|Any CPU.Build.0 = Debug|Any CPU
		{6BA70AD1-1676-4AAD-BCD5-97AD2C1B4653}.Release|Any CPU.ActiveCfg = Release|Any CPU
		{6BA70AD1-1676-4AAD-BCD5-97AD2C1B4653}.Release|Any CPU.Build.0 = Release|Any CPU
	EndGlobalSection
	GlobalSection(SolutionProperties) = preSolution
		HideSolutionNode = FALSE
	EndGlobalSection
	GlobalSection(ExtensibilityGlobals) = postSolution
		SolutionGuid = {9212F821-3174-4A21-A65E-B2046A8C9F41}
	EndGlobalSection
EndGlobal
